
Microsoft Visual Studio Solution File, Format Version 12.00
Project("{FAE04EC0-301F-11D3-BF4B-00C04F79EFBC}") = "FingerprintBuilder", "src\FingerprintBuilder.csproj", "{4A63DB87-276C-4FA9-A106-B62DDB222429}"
EndProject
Project("{FAE04EC0-301F-11D3-BF4B-00C04F79EFBC}") = "FingerprintBuilder.Tests", "tests\units\FingerprintBuilder.Tests.csproj", "{4D5DE776-DC77-4596-935A-C3833F149F4C}"
EndProject
Project("{FAE04EC0-301F-11D3-BF4B-00C04F79EFBC}") = "FingerprintBuilder.BenchmarkTests", "tests\benchmarks\FingerprintBuilder.BenchmarkTests.csproj", "{CE2317B3-4DB5-4CB3-BB17-802F3253EF88}"
EndProject
Global
	GlobalSection(SolutionConfigurationPlatforms) = preSolution
		Debug|Any CPU = Debug|Any CPU
		Release|Any CPU = Release|Any CPU
	EndGlobalSection
	GlobalSection(ProjectConfigurationPlatforms) = postSolution
		{4A63DB87-276C-4FA9-A106-B62DDB222429}.Debug|Any CPU.ActiveCfg = Debug|Any CPU
		{4A63DB87-276C-4FA9-A106-B62DDB222429}.Debug|Any CPU.Build.0 = Debug|Any CPU
		{4A63DB87-276C-4FA9-A106-B62DDB222429}.Release|Any CPU.ActiveCfg = Release|Any CPU
		{4A63DB87-276C-4FA9-A106-B62DDB222429}.Release|Any CPU.Build.0 = Release|Any CPU
		{4D5DE776-DC77-4596-935A-C3833F149F4C}.Debug|Any CPU.ActiveCfg = Debug|Any CPU
		{4D5DE776-DC77-4596-935A-C3833F149F4C}.Debug|Any CPU.Build.0 = Debug|Any CPU
		{4D5DE776-DC77-4596-935A-C3833F149F4C}.Release|Any CPU.ActiveCfg = Release|Any CPU
		{4D5DE776-DC77-4596-935A-C3833F149F4C}.Release|Any CPU.Build.0 = Release|Any CPU
		{CE2317B3-4DB5-4CB3-BB17-802F3253EF88}.Debug|Any CPU.ActiveCfg = Debug|Any CPU
		{CE2317B3-4DB5-4CB3-BB17-802F3253EF88}.Debug|Any CPU.Build.0 = Debug|Any CPU
		{CE2317B3-4DB5-4CB3-BB17-802F3253EF88}.Release|Any CPU.ActiveCfg = Release|Any CPU
		{CE2317B3-4DB5-4CB3-BB17-802F3253EF88}.Release|Any CPU.Build.0 = Release|Any CPU
	EndGlobalSection
	GlobalSection(NestedProjects) = preSolution
	EndGlobalSection
EndGlobal
